// !$*UTF8*$!
{
	archiveVersion = 1;
	classes = {
	};
	objectVersion = 46;
	objects = {

/* Begin PBXBuildFile section */
		505D4B121C811EFD004946EA /* eyes.xml in Resources */ = {isa = PBXBuildFile; fileRef = 505D4B111C811EFD004946EA /* eyes.xml */; };
		50A030A01C822B850003EA82 /* face.xml in Resources */ = {isa = PBXBuildFile; fileRef = 50A0309F1C822B850003EA82 /* face.xml */; };
		50C3FC491C775EF900D16E07 /* OpenCVWrapper.mm in Sources */ = {isa = PBXBuildFile; fileRef = 50C3FC461C775EF900D16E07 /* OpenCVWrapper.mm */; };
		50C3FC4A1C775EF900D16E07 /* UIImage+OpenCV.mm in Sources */ = {isa = PBXBuildFile; fileRef = 50C3FC481C775EF900D16E07 /* UIImage+OpenCV.mm */; };
		50C3FC4D1C775F8600D16E07 /* blink.cpp in Sources */ = {isa = PBXBuildFile; fileRef = 50C3FC4B1C775F8600D16E07 /* blink.cpp */; };
		50F3948D1BF771FD00B4F571 /* AppDelegate.swift in Sources */ = {isa = PBXBuildFile; fileRef = 50F3948C1BF771FD00B4F571 /* AppDelegate.swift */; };
		50F3948F1BF771FD00B4F571 /* ViewController.swift in Sources */ = {isa = PBXBuildFile; fileRef = 50F3948E1BF771FD00B4F571 /* ViewController.swift */; };
		50F394921BF771FD00B4F571 /* Main.storyboard in Resources */ = {isa = PBXBuildFile; fileRef = 50F394901BF771FD00B4F571 /* Main.storyboard */; };
		50F394941BF771FD00B4F571 /* Assets.xcassets in Resources */ = {isa = PBXBuildFile; fileRef = 50F394931BF771FD00B4F571 /* Assets.xcassets */; };
		50F394971BF771FD00B4F571 /* LaunchScreen.storyboard in Resources */ = {isa = PBXBuildFile; fileRef = 50F394951BF771FD00B4F571 /* LaunchScreen.storyboard */; };
		50F394A21BF771FD00B4F571 /* BlinkTests.swift in Sources */ = {isa = PBXBuildFile; fileRef = 50F394A11BF771FD00B4F571 /* BlinkTests.swift */; };
		50F394AD1BF771FD00B4F571 /* BlinkUITests.swift in Sources */ = {isa = PBXBuildFile; fileRef = 50F394AC1BF771FD00B4F571 /* BlinkUITests.swift */; };
		50F394C61BF7744000B4F571 /* opencv2.framework in Frameworks */ = {isa = PBXBuildFile; fileRef = 50F394C21BF773CD00B4F571 /* opencv2.framework */; };
/* End PBXBuildFile section */

/* Begin PBXContainerItemProxy section */
		50F3949E1BF771FD00B4F571 /* PBXContainerItemProxy */ = {
			isa = PBXContainerItemProxy;
			containerPortal = 50F394811BF771FC00B4F571 /* Project object */;
			proxyType = 1;
			remoteGlobalIDString = 50F394881BF771FD00B4F571;
			remoteInfo = Blink;
		};
		50F394A91BF771FD00B4F571 /* PBXContainerItemProxy */ = {
			isa = PBXContainerItemProxy;
			containerPortal = 50F394811BF771FC00B4F571 /* Project object */;
			proxyType = 1;
			remoteGlobalIDString = 50F394881BF771FD00B4F571;
			remoteInfo = Blink;
		};
/* End PBXContainerItemProxy section */

/* Begin PBXFileReference section */
		505D4B111C811EFD004946EA /* eyes.xml */ = {isa = PBXFileReference; fileEncoding = 4; lastKnownFileType = text.xml; name = eyes.xml; path = "../../../opencv-master/data/haarcascades/eyes.xml"; sourceTree = "<group>"; };
		50A0309F1C822B850003EA82 /* face.xml */ = {isa = PBXFileReference; fileEncoding = 4; lastKnownFileType = text.xml; name = face.xml; path = "../../../opencv-master/data/haarcascades/face.xml"; sourceTree = "<group>"; };
		50C3FC441C775AC600D16E07 /* OpenCVWrapper.h */ = {isa = PBXFileReference; lastKnownFileType = sourcecode.c.h; path = OpenCVWrapper.h; sourceTree = "<group>"; };
		50C3FC451C775EF900D16E07 /* Blink-Bridging-Header.h */ = {isa = PBXFileReference; fileEncoding = 4; lastKnownFileType = sourcecode.c.h; path = "Blink-Bridging-Header.h"; sourceTree = "<group>"; };
		50C3FC461C775EF900D16E07 /* OpenCVWrapper.mm */ = {isa = PBXFileReference; fileEncoding = 4; lastKnownFileType = sourcecode.cpp.objcpp; path = OpenCVWrapper.mm; sourceTree = "<group>"; };
		50C3FC471C775EF900D16E07 /* UIImage+OpenCV.h */ = {isa = PBXFileReference; fileEncoding = 4; lastKnownFileType = sourcecode.c.h; path = "UIImage+OpenCV.h"; sourceTree = "<group>"; };
		50C3FC481C775EF900D16E07 /* UIImage+OpenCV.mm */ = {isa = PBXFileReference; fileEncoding = 4; lastKnownFileType = sourcecode.cpp.objcpp; path = "UIImage+OpenCV.mm"; sourceTree = "<group>"; };
		50C3FC4B1C775F8600D16E07 /* blink.cpp */ = {isa = PBXFileReference; fileEncoding = 4; lastKnownFileType = sourcecode.cpp.cpp; path = blink.cpp; sourceTree = "<group>"; };
		50C3FC4C1C775F8600D16E07 /* blink.h */ = {isa = PBXFileReference; fileEncoding = 4; lastKnownFileType = sourcecode.c.h; path = blink.h; sourceTree = "<group>"; };
		50F394891BF771FD00B4F571 /* Blink.app */ = {isa = PBXFileReference; explicitFileType = wrapper.application; includeInIndex = 0; path = Blink.app; sourceTree = BUILT_PRODUCTS_DIR; };
		50F3948C1BF771FD00B4F571 /* AppDelegate.swift */ = {isa = PBXFileReference; lastKnownFileType = sourcecode.swift; path = AppDelegate.swift; sourceTree = "<group>"; };
		50F3948E1BF771FD00B4F571 /* ViewController.swift */ = {isa = PBXFileReference; lastKnownFileType = sourcecode.swift; path = ViewController.swift; sourceTree = "<group>"; };
		50F394911BF771FD00B4F571 /* Base */ = {isa = PBXFileReference; lastKnownFileType = file.storyboard; name = Base; path = Base.lproj/Main.storyboard; sourceTree = "<group>"; };
		50F394931BF771FD00B4F571 /* Assets.xcassets */ = {isa = PBXFileReference; lastKnownFileType = folder.assetcatalog; path = Assets.xcassets; sourceTree = "<group>"; };
		50F394961BF771FD00B4F571 /* Base */ = {isa = PBXFileReference; lastKnownFileType = file.storyboard; name = Base; path = Base.lproj/LaunchScreen.storyboard; sourceTree = "<group>"; };
		50F394981BF771FD00B4F571 /* Info.plist */ = {isa = PBXFileReference; lastKnownFileType = text.plist.xml; path = Info.plist; sourceTree = "<group>"; };
		50F3949D1BF771FD00B4F571 /* BlinkTests.xctest */ = {isa = PBXFileReference; explicitFileType = wrapper.cfbundle; includeInIndex = 0; path = BlinkTests.xctest; sourceTree = BUILT_PRODUCTS_DIR; };
		50F394A11BF771FD00B4F571 /* BlinkTests.swift */ = {isa = PBXFileReference; lastKnownFileType = sourcecode.swift; path = BlinkTests.swift; sourceTree = "<group>"; };
		50F394A31BF771FD00B4F571 /* Info.plist */ = {isa = PBXFileReference; lastKnownFileType = text.plist.xml; path = Info.plist; sourceTree = "<group>"; };
		50F394A81BF771FD00B4F571 /* BlinkUITests.xctest */ = {isa = PBXFileReference; explicitFileType = wrapper.cfbundle; includeInIndex = 0; path = BlinkUITests.xctest; sourceTree = BUILT_PRODUCTS_DIR; };
		50F394AC1BF771FD00B4F571 /* BlinkUITests.swift */ = {isa = PBXFileReference; lastKnownFileType = sourcecode.swift; path = BlinkUITests.swift; sourceTree = "<group>"; };
		50F394AE1BF771FD00B4F571 /* Info.plist */ = {isa = PBXFileReference; lastKnownFileType = text.plist.xml; path = Info.plist; sourceTree = "<group>"; };
		50F394BE1BF773CD00B4F571 /* iTunesLibrary.framework */ = {isa = PBXFileReference; lastKnownFileType = wrapper.framework; path = iTunesLibrary.framework; sourceTree = "<group>"; };
		50F394C21BF773CD00B4F571 /* opencv2.framework */ = {isa = PBXFileReference; lastKnownFileType = wrapper.framework; path = opencv2.framework; sourceTree = "<group>"; };
/* End PBXFileReference section */

/* Begin PBXFrameworksBuildPhase section */
		50F394861BF771FD00B4F571 /* Frameworks */ = {
			isa = PBXFrameworksBuildPhase;
			buildActionMask = 2147483647;
			files = (
				50F394C61BF7744000B4F571 /* opencv2.framework in Frameworks */,
			);
			runOnlyForDeploymentPostprocessing = 0;
		};
		50F3949A1BF771FD00B4F571 /* Frameworks */ = {
			isa = PBXFrameworksBuildPhase;
			buildActionMask = 2147483647;
			files = (
			);
			runOnlyForDeploymentPostprocessing = 0;
		};
		50F394A51BF771FD00B4F571 /* Frameworks */ = {
			isa = PBXFrameworksBuildPhase;
			buildActionMask = 2147483647;
			files = (
			);
			runOnlyForDeploymentPostprocessing = 0;
		};
/* End PBXFrameworksBuildPhase section */

/* Begin PBXGroup section */
		50F394801BF771FC00B4F571 = {
			isa = PBXGroup;
			children = (
				50F394BA1BF773CD00B4F571 /* Frameworks */,
				50F3948B1BF771FD00B4F571 /* Blink */,
				50F394A01BF771FD00B4F571 /* BlinkTests */,
				50F394AB1BF771FD00B4F571 /* BlinkUITests */,
				50F3948A1BF771FD00B4F571 /* Products */,
			);
			sourceTree = "<group>";
		};
		50F3948A1BF771FD00B4F571 /* Products */ = {
			isa = PBXGroup;
			children = (
				50F394891BF771FD00B4F571 /* Blink.app */,
				50F3949D1BF771FD00B4F571 /* BlinkTests.xctest */,
				50F394A81BF771FD00B4F571 /* BlinkUITests.xctest */,
			);
			name = Products;
			sourceTree = "<group>";
		};
		50F3948B1BF771FD00B4F571 /* Blink */ = {
			isa = PBXGroup;
			children = (
				50A0309F1C822B850003EA82 /* face.xml */,
				505D4B111C811EFD004946EA /* eyes.xml */,
				50C3FC4C1C775F8600D16E07 /* blink.h */,
				50C3FC4B1C775F8600D16E07 /* blink.cpp */,
				50C3FC451C775EF900D16E07 /* Blink-Bridging-Header.h */,
				50C3FC441C775AC600D16E07 /* OpenCVWrapper.h */,
				50C3FC461C775EF900D16E07 /* OpenCVWrapper.mm */,
				50C3FC471C775EF900D16E07 /* UIImage+OpenCV.h */,
				50C3FC481C775EF900D16E07 /* UIImage+OpenCV.mm */,
				50F3948C1BF771FD00B4F571 /* AppDelegate.swift */,
				50F3948E1BF771FD00B4F571 /* ViewController.swift */,
				50F394901BF771FD00B4F571 /* Main.storyboard */,
				50F394931BF771FD00B4F571 /* Assets.xcassets */,
				50F394951BF771FD00B4F571 /* LaunchScreen.storyboard */,
				50F394981BF771FD00B4F571 /* Info.plist */,
			);
			path = Blink;
			sourceTree = "<group>";
		};
		50F394A01BF771FD00B4F571 /* BlinkTests */ = {
			isa = PBXGroup;
			children = (
				50F394A11BF771FD00B4F571 /* BlinkTests.swift */,
				50F394A31BF771FD00B4F571 /* Info.plist */,
			);
			path = BlinkTests;
			sourceTree = "<group>";
		};
		50F394AB1BF771FD00B4F571 /* BlinkUITests */ = {
			isa = PBXGroup;
			children = (
				50F394AC1BF771FD00B4F571 /* BlinkUITests.swift */,
				50F394AE1BF771FD00B4F571 /* Info.plist */,
			);
			path = BlinkUITests;
			sourceTree = "<group>";
		};
		50F394BA1BF773CD00B4F571 /* Frameworks */ = {
			isa = PBXGroup;
			children = (
				50F394BE1BF773CD00B4F571 /* iTunesLibrary.framework */,
				50F394C21BF773CD00B4F571 /* opencv2.framework */,
			);
			name = Frameworks;
			path = ../../../../../Library/Frameworks;
			sourceTree = "<group>";
		};
/* End PBXGroup section */

/* Begin PBXNativeTarget section */
		50F394881BF771FD00B4F571 /* Blink */ = {
			isa = PBXNativeTarget;
			buildConfigurationList = 50F394B11BF771FD00B4F571 /* Build configuration list for PBXNativeTarget "Blink" */;
			buildPhases = (
				50F394851BF771FD00B4F571 /* Sources */,
				50F394861BF771FD00B4F571 /* Frameworks */,
				50F394871BF771FD00B4F571 /* Resources */,
			);
			buildRules = (
			);
			dependencies = (
			);
			name = Blink;
			productName = Blink;
			productReference = 50F394891BF771FD00B4F571 /* Blink.app */;
			productType = "com.apple.product-type.application";
		};
		50F3949C1BF771FD00B4F571 /* BlinkTests */ = {
			isa = PBXNativeTarget;
			buildConfigurationList = 50F394B41BF771FD00B4F571 /* Build configuration list for PBXNativeTarget "BlinkTests" */;
			buildPhases = (
				50F394991BF771FD00B4F571 /* Sources */,
				50F3949A1BF771FD00B4F571 /* Frameworks */,
				50F3949B1BF771FD00B4F571 /* Resources */,
			);
			buildRules = (
			);
			dependencies = (
				50F3949F1BF771FD00B4F571 /* PBXTargetDependency */,
			);
			name = BlinkTests;
			productName = BlinkTests;
			productReference = 50F3949D1BF771FD00B4F571 /* BlinkTests.xctest */;
			productType = "com.apple.product-type.bundle.unit-test";
		};
		50F394A71BF771FD00B4F571 /* BlinkUITests */ = {
			isa = PBXNativeTarget;
			buildConfigurationList = 50F394B71BF771FD00B4F571 /* Build configuration list for PBXNativeTarget "BlinkUITests" */;
			buildPhases = (
				50F394A41BF771FD00B4F571 /* Sources */,
				50F394A51BF771FD00B4F571 /* Frameworks */,
				50F394A61BF771FD00B4F571 /* Resources */,
			);
			buildRules = (
			);
			dependencies = (
				50F394AA1BF771FD00B4F571 /* PBXTargetDependency */,
			);
			name = BlinkUITests;
			productName = BlinkUITests;
			productReference = 50F394A81BF771FD00B4F571 /* BlinkUITests.xctest */;
			productType = "com.apple.product-type.bundle.ui-testing";
		};
/* End PBXNativeTarget section */

/* Begin PBXProject section */
		50F394811BF771FC00B4F571 /* Project object */ = {
			isa = PBXProject;
			attributes = {
				LastSwiftUpdateCheck = 0710;
				LastUpgradeCheck = 0710;
				ORGANIZATIONNAME = "Albert Podusenko";
				TargetAttributes = {
					50F394881BF771FD00B4F571 = {
						CreatedOnToolsVersion = 7.1.1;
						DevelopmentTeam = HBAJZASWEW;
					};
					50F3949C1BF771FD00B4F571 = {
						CreatedOnToolsVersion = 7.1.1;
						DevelopmentTeam = HBAJZASWEW;
						TestTargetID = 50F394881BF771FD00B4F571;
					};
					50F394A71BF771FD00B4F571 = {
						CreatedOnToolsVersion = 7.1.1;
						DevelopmentTeam = HBAJZASWEW;
						TestTargetID = 50F394881BF771FD00B4F571;
					};
				};
			};
			buildConfigurationList = 50F394841BF771FC00B4F571 /* Build configuration list for PBXProject "Blink" */;
			compatibilityVersion = "Xcode 3.2";
			developmentRegion = English;
			hasScannedForEncodings = 0;
			knownRegions = (
				en,
				Base,
			);
			mainGroup = 50F394801BF771FC00B4F571;
			productRefGroup = 50F3948A1BF771FD00B4F571 /* Products */;
			projectDirPath = "";
			projectRoot = "";
			targets = (
				50F394881BF771FD00B4F571 /* Blink */,
				50F3949C1BF771FD00B4F571 /* BlinkTests */,
				50F394A71BF771FD00B4F571 /* BlinkUITests */,
			);
		};
/* End PBXProject section */

/* Begin PBXResourcesBuildPhase section */
		50F394871BF771FD00B4F571 /* Resources */ = {
			isa = PBXResourcesBuildPhase;
			buildActionMask = 2147483647;
			files = (
				50A030A01C822B850003EA82 /* face.xml in Resources */,
				50F394971BF771FD00B4F571 /* LaunchScreen.storyboard in Resources */,
				505D4B121C811EFD004946EA /* eyes.xml in Resources */,
				50F394941BF771FD00B4F571 /* Assets.xcassets in Resources */,
				50F394921BF771FD00B4F571 /* Main.storyboard in Resources */,
			);
			runOnlyForDeploymentPostprocessing = 0;
		};
		50F3949B1BF771FD00B4F571 /* Resources */ = {
			isa = PBXResourcesBuildPhase;
			buildActionMask = 2147483647;
			files = (
			);
			runOnlyForDeploymentPostprocessing = 0;
		};
		50F394A61BF771FD00B4F571 /* Resources */ = {
			isa = PBXResourcesBuildPhase;
			buildActionMask = 2147483647;
			files = (
			);
			runOnlyForDeploymentPostprocessing = 0;
		};
/* End PBXResourcesBuildPhase section */

/* Begin PBXSourcesBuildPhase section */
		50F394851BF771FD00B4F571 /* Sources */ = {
			isa = PBXSourcesBuildPhase;
			buildActionMask = 2147483647;
			files = (
				50C3FC4A1C775EF900D16E07 /* UIImage+OpenCV.mm in Sources */,
				50F3948F1BF771FD00B4F571 /* ViewController.swift in Sources */,
				50C3FC4D1C775F8600D16E07 /* blink.cpp in Sources */,
				50F3948D1BF771FD00B4F571 /* AppDelegate.swift in Sources */,
				50C3FC491C775EF900D16E07 /* OpenCVWrapper.mm in Sources */,
			);
			runOnlyForDeploymentPostprocessing = 0;
		};
		50F394991BF771FD00B4F571 /* Sources */ = {
			isa = PBXSourcesBuildPhase;
			buildActionMask = 2147483647;
			files = (
				50F394A21BF771FD00B4F571 /* BlinkTests.swift in Sources */,
			);
			runOnlyForDeploymentPostprocessing = 0;
		};
		50F394A41BF771FD00B4F571 /* Sources */ = {
			isa = PBXSourcesBuildPhase;
			buildActionMask = 2147483647;
			files = (
				50F394AD1BF771FD00B4F571 /* BlinkUITests.swift in Sources */,
			);
			runOnlyForDeploymentPostprocessing = 0;
		};
/* End PBXSourcesBuildPhase section */

/* Begin PBXTargetDependency section */
		50F3949F1BF771FD00B4F571 /* PBXTargetDependency */ = {
			isa = PBXTargetDependency;
			target = 50F394881BF771FD00B4F571 /* Blink */;
			targetProxy = 50F3949E1BF771FD00B4F571 /* PBXContainerItemProxy */;
		};
		50F394AA1BF771FD00B4F571 /* PBXTargetDependency */ = {
			isa = PBXTargetDependency;
			target = 50F394881BF771FD00B4F571 /* Blink */;
			targetProxy = 50F394A91BF771FD00B4F571 /* PBXContainerItemProxy */;
		};
/* End PBXTargetDependency section */

/* Begin PBXVariantGroup section */
		50F394901BF771FD00B4F571 /* Main.storyboard */ = {
			isa = PBXVariantGroup;
			children = (
				50F394911BF771FD00B4F571 /* Base */,
			);
			name = Main.storyboard;
			sourceTree = "<group>";
		};
		50F394951BF771FD00B4F571 /* LaunchScreen.storyboard */ = {
			isa = PBXVariantGroup;
			children = (
				50F394961BF771FD00B4F571 /* Base */,
			);
			name = LaunchScreen.storyboard;
			sourceTree = "<group>";
		};
/* End PBXVariantGroup section */

/* Begin XCBuildConfiguration section */
		50F394AF1BF771FD00B4F571 /* Debug */ = {
			isa = XCBuildConfiguration;
			buildSettings = {
				ALWAYS_SEARCH_USER_PATHS = NO;
				CLANG_CXX_LANGUAGE_STANDARD = "gnu++0x";
				CLANG_CXX_LIBRARY = "libc++";
				CLANG_ENABLE_MODULES = YES;
				CLANG_ENABLE_OBJC_ARC = YES;
				CLANG_WARN_BOOL_CONVERSION = YES;
				CLANG_WARN_CONSTANT_CONVERSION = YES;
				CLANG_WARN_DIRECT_OBJC_ISA_USAGE = YES_ERROR;
				CLANG_WARN_EMPTY_BODY = YES;
				CLANG_WARN_ENUM_CONVERSION = YES;
				CLANG_WARN_INT_CONVERSION = YES;
				CLANG_WARN_OBJC_ROOT_CLASS = YES_ERROR;
				CLANG_WARN_UNREACHABLE_CODE = YES;
				CLANG_WARN__DUPLICATE_METHOD_MATCH = YES;
				"CODE_SIGN_IDENTITY[sdk=iphoneos*]" = "iPhone Developer";
				COPY_PHASE_STRIP = NO;
				DEBUG_INFORMATION_FORMAT = dwarf;
				ENABLE_STRICT_OBJC_MSGSEND = YES;
				ENABLE_TESTABILITY = YES;
				GCC_C_LANGUAGE_STANDARD = gnu99;
				GCC_DYNAMIC_NO_PIC = NO;
				GCC_NO_COMMON_BLOCKS = YES;
				GCC_OPTIMIZATION_LEVEL = 0;
				GCC_PREPROCESSOR_DEFINITIONS = (
					"DEBUG=1",
					"$(inherited)",
				);
				GCC_WARN_64_TO_32_BIT_CONVERSION = YES;
				GCC_WARN_ABOUT_RETURN_TYPE = YES_ERROR;
				GCC_WARN_UNDECLARED_SELECTOR = YES;
				GCC_WARN_UNINITIALIZED_AUTOS = YES_AGGRESSIVE;
				GCC_WARN_UNUSED_FUNCTION = YES;
				GCC_WARN_UNUSED_VARIABLE = YES;
				IPHONEOS_DEPLOYMENT_TARGET = 9.1;
				MTL_ENABLE_DEBUG_INFO = YES;
				ONLY_ACTIVE_ARCH = YES;
				SDKROOT = iphoneos;
				SWIFT_OPTIMIZATION_LEVEL = "-Onone";
			};
			name = Debug;
		};
		50F394B01BF771FD00B4F571 /* Release */ = {
			isa = XCBuildConfiguration;
			buildSettings = {
				ALWAYS_SEARCH_USER_PATHS = NO;
				CLANG_CXX_LANGUAGE_STANDARD = "gnu++0x";
				CLANG_CXX_LIBRARY = "libc++";
				CLANG_ENABLE_MODULES = YES;
				CLANG_ENABLE_OBJC_ARC = YES;
				CLANG_WARN_BOOL_CONVERSION = YES;
				CLANG_WARN_CONSTANT_CONVERSION = YES;
				CLANG_WARN_DIRECT_OBJC_ISA_USAGE = YES_ERROR;
				CLANG_WARN_EMPTY_BODY = YES;
				CLANG_WARN_ENUM_CONVERSION = YES;
				CLANG_WARN_INT_CONVERSION = YES;
				CLANG_WARN_OBJC_ROOT_CLASS = YES_ERROR;
				CLANG_WARN_UNREACHABLE_CODE = YES;
				CLANG_WARN__DUPLICATE_METHOD_MATCH = YES;
				"CODE_SIGN_IDENTITY[sdk=iphoneos*]" = "iPhone Developer";
				COPY_PHASE_STRIP = NO;
				DEBUG_INFORMATION_FORMAT = "dwarf-with-dsym";
				ENABLE_NS_ASSERTIONS = NO;
				ENABLE_STRICT_OBJC_MSGSEND = YES;
				GCC_C_LANGUAGE_STANDARD = gnu99;
				GCC_NO_COMMON_BLOCKS = YES;
				GCC_WARN_64_TO_32_BIT_CONVERSION = YES;
				GCC_WARN_ABOUT_RETURN_TYPE = YES_ERROR;
				GCC_WARN_UNDECLARED_SELECTOR = YES;
				GCC_WARN_UNINITIALIZED_AUTOS = YES_AGGRESSIVE;
				GCC_WARN_UNUSED_FUNCTION = YES;
				GCC_WARN_UNUSED_VARIABLE = YES;
				IPHONEOS_DEPLOYMENT_TARGET = 9.1;
				MTL_ENABLE_DEBUG_INFO = NO;
				SDKROOT = iphoneos;
				VALIDATE_PRODUCT = YES;
			};
			name = Release;
		};
		50F394B21BF771FD00B4F571 /* Debug */ = {
			isa = XCBuildConfiguration;
			buildSettings = {
				ASSETCATALOG_COMPILER_APPICON_NAME = AppIcon;
				CLANG_ENABLE_MODULES = YES;
				ENABLE_BITCODE = NO;
				FRAMEWORK_SEARCH_PATHS = (
					"$(inherited)",
					"$(LOCAL_LIBRARY_DIR)/Frameworks",
				);
				INFOPLIST_FILE = Blink/Info.plist;
				LD_RUNPATH_SEARCH_PATHS = "$(inherited) @executable_path/Frameworks";
				PRODUCT_BUNDLE_IDENTIFIER = allCOM.Blink;
				PRODUCT_NAME = "$(TARGET_NAME)";
				SWIFT_OBJC_BRIDGING_HEADER = "Blink/Blink-Bridging-Header.h";
				SWIFT_OPTIMIZATION_LEVEL = "-Onone";
			};
			name = Debug;
		};
		50F394B31BF771FD00B4F571 /* Release */ = {
			isa = XCBuildConfiguration;
			buildSettings = {
				ASSETCATALOG_COMPILER_APPICON_NAME = AppIcon;
				CLANG_ENABLE_MODULES = YES;
				ENABLE_BITCODE = NO;
				FRAMEWORK_SEARCH_PATHS = (
					"$(inherited)",
					"$(LOCAL_LIBRARY_DIR)/Frameworks",
				);
				INFOPLIST_FILE = Blink/Info.plist;
				LD_RUNPATH_SEARCH_PATHS = "$(inherited) @executable_path/Frameworks";
				PRODUCT_BUNDLE_IDENTIFIER = allCOM.Blink;
				PRODUCT_NAME = "$(TARGET_NAME)";
				SWIFT_OBJC_BRIDGING_HEADER = "Blink/Blink-Bridging-Header.h";
			};
			name = Release;
		};
		50F394B51BF771FD00B4F571 /* Debug */ = {
			isa = XCBuildConfiguration;
			buildSettings = {
				BUNDLE_LOADER = "$(TEST_HOST)";
				INFOPLIST_FILE = BlinkTests/Info.plist;
				LD_RUNPATH_SEARCH_PATHS = "$(inherited) @executable_path/Frameworks @loader_path/Frameworks";
				PRODUCT_BUNDLE_IDENTIFIER = allCOM.BlinkTests;
				PRODUCT_NAME = "$(TARGET_NAME)";
				TEST_HOST = "$(BUILT_PRODUCTS_DIR)/Blink.app/Blink";
			};
			name = Debug;
		};
		50F394B61BF771FD00B4F571 /* Release */ = {
			isa = XCBuildConfiguration;
			buildSettings = {
				BUNDLE_LOADER = "$(TEST_HOST)";
				INFOPLIST_FILE = BlinkTests/Info.plist;
				LD_RUNPATH_SEARCH_PATHS = "$(inherited) @executable_path/Frameworks @loader_path/Frameworks";
				PRODUCT_BUNDLE_IDENTIFIER = allCOM.BlinkTests;
				PRODUCT_NAME = "$(TARGET_NAME)";
				TEST_HOST = "$(BUILT_PRODUCTS_DIR)/Blink.app/Blink";
			};
			name = Release;
		};
		50F394B81BF771FD00B4F571 /* Debug */ = {
			isa = XCBuildConfiguration;
			buildSettings = {
				INFOPLIST_FILE = BlinkUITests/Info.plist;
				LD_RUNPATH_SEARCH_PATHS = "$(inherited) @executable_path/Frameworks @loader_path/Frameworks";
				PRODUCT_BUNDLE_IDENTIFIER = allCOM.BlinkUITests;
				PRODUCT_NAME = "$(TARGET_NAME)";
				TEST_TARGET_NAME = Blink;
				USES_XCTRUNNER = YES;
			};
			name = Debug;
		};
		50F394B91BF771FD00B4F571 /* Release */ = {
			isa = XCBuildConfiguration;
			buildSettings = {
				INFOPLIST_FILE = BlinkUITests/Info.plist;
				LD_RUNPATH_SEARCH_PATHS = "$(inherited) @executable_path/Frameworks @loader_path/Frameworks";
				PRODUCT_BUNDLE_IDENTIFIER = allCOM.BlinkUITests;
				PRODUCT_NAME = "$(TARGET_NAME)";
				TEST_TARGET_NAME = Blink;
				USES_XCTRUNNER = YES;
			};
			name = Release;
		};
/* End XCBuildConfiguration section */

/* Begin XCConfigurationList section */
		50F394841BF771FC00B4F571 /* Build configuration list for PBXProject "Blink" */ = {
			isa = XCConfigurationList;
			buildConfigurations = (
				50F394AF1BF771FD00B4F571 /* Debug */,
				50F394B01BF771FD00B4F571 /* Release */,
			);
			defaultConfigurationIsVisible = 0;
			defaultConfigurationName = Release;
		};
		50F394B11BF771FD00B4F571 /* Build configuration list for PBXNativeTarget "Blink" */ = {
			isa = XCConfigurationList;
			buildConfigurations = (
				50F394B21BF771FD00B4F571 /* Debug */,
				50F394B31BF771FD00B4F571 /* Release */,
			);
			defaultConfigurationIsVisible = 0;
			defaultConfigurationName = Release;
		};
		50F394B41BF771FD00B4F571 /* Build configuration list for PBXNativeTarget "BlinkTests" */ = {
			isa = XCConfigurationList;
			buildConfigurations = (
				50F394B51BF771FD00B4F571 /* Debug */,
				50F394B61BF771FD00B4F571 /* Release */,
			);
			defaultConfigurationIsVisible = 0;
			defaultConfigurationName = Release;
		};
		50F394B71BF771FD00B4F571 /* Build configuration list for PBXNativeTarget "BlinkUITests" */ = {
			isa = XCConfigurationList;
			buildConfigurations = (
				50F394B81BF771FD00B4F571 /* Debug */,
				50F394B91BF771FD00B4F571 /* Release */,
			);
			defaultConfigurationIsVisible = 0;
			defaultConfigurationName = Release;
		};
/* End XCConfigurationList section */
	};
	rootObject = 50F394811BF771FC00B4F571 /* Project object */;
}
